
Microsoft Visual Studio Solution File, Format Version 12.00
# Visual Studio 15
VisualStudioVersion = 15.0.27703.2035
MinimumVisualStudioVersion = 10.0.40219.1
Project("{8BC9CEB8-8B4A-11D0-8D11-00A0C91BC942}") = "数据结构", "数据结构.vcxproj", "{BAEC8F59-0BB2-4134-B269-C107FD67146A}"
EndProject
Global
	GlobalSection(SolutionConfigurationPlatforms) = preSolution
		Debug|x64 = Debug|x64
		Debug|x86 = Debug|x86
		Release|x64 = Release|x64
		Release|x86 = Release|x86
	EndGlobalSection
	GlobalSection(ProjectConfigurationPlatforms) = postSolution
		{BAEC8F59-0BB2-4134-B269-C107FD67146A}.Debug|x64.ActiveCfg = Debug|x64
		{BAEC8F59-0BB2-4134-B269-C107FD67146A}.Debug|x64.Build.0 = Debug|x64
		{BAEC8F59-0BB2-4134-B269-C107FD67146A}.Debug|x86.ActiveCfg = Debug|Win32
		{BAEC8F59-0BB2-4134-B269-C107FD67146A}.Debug|x86.Build.0 = Debug|Win32
		{BAEC8F59-0BB2-4134-B269-C107FD67146A}.Release|x64.ActiveCfg = Release|x64
		{BAEC8F59-0BB2-4134-B269-C107FD67146A}.Release|x64.Build.0 = Release|x64
		{BAEC8F59-0BB2-4134-B269-C107FD67146A}.Release|x86.ActiveCfg = Release|Win32
		{BAEC8F59-0BB2-4134-B269-C107FD67146A}.Release|x86.Build.0 = Release|Win32
	EndGlobalSection
	GlobalSection(SolutionProperties) = preSolution
		HideSolutionNode = FALSE
	EndGlobalSection
	GlobalSection(ExtensibilityGlobals) = postSolution
		SolutionGuid = {24422196-23F5-4E09-B5E5-DF1D867C2B24}
	EndGlobalSection
EndGlobal
